// !$*UTF8*$!
{
	archiveVersion = 1;
	classes = {
	};
	objectVersion = 46;
	objects = {

/* Begin PBXBuildFile section */
		6D04B33A1AB9D711001A7497 /* AppDelegate.swift in Sources */ = {isa = PBXBuildFile; fileRef = 6D04B3391AB9D711001A7497 /* AppDelegate.swift */; };
		6D04B33C1AB9D711001A7497 /* ViewController.swift in Sources */ = {isa = PBXBuildFile; fileRef = 6D04B33B1AB9D711001A7497 /* ViewController.swift */; };
		6D04B33F1AB9D711001A7497 /* Main.storyboard in Resources */ = {isa = PBXBuildFile; fileRef = 6D04B33D1AB9D711001A7497 /* Main.storyboard */; };
		6D04B3411AB9D711001A7497 /* Images.xcassets in Resources */ = {isa = PBXBuildFile; fileRef = 6D04B3401AB9D711001A7497 /* Images.xcassets */; };
		6D04B3441AB9D711001A7497 /* LaunchScreen.xib in Resources */ = {isa = PBXBuildFile; fileRef = 6D04B3421AB9D711001A7497 /* LaunchScreen.xib */; };
		6D04B3501AB9D712001A7497 /* TipCalculatorTests.swift in Sources */ = {isa = PBXBuildFile; fileRef = 6D04B34F1AB9D712001A7497 /* TipCalculatorTests.swift */; };
		6D04B35A1AB9D994001A7497 /* TipCalculator.swift in Sources */ = {isa = PBXBuildFile; fileRef = 6D04B3591AB9D994001A7497 /* TipCalculator.swift */; };
/* End PBXBuildFile section */

/* Begin PBXContainerItemProxy section */
		6D04B34A1AB9D712001A7497 /* PBXContainerItemProxy */ = {
			isa = PBXContainerItemProxy;
			containerPortal = 6D04B32C1AB9D711001A7497 /* Project object */;
			proxyType = 1;
			remoteGlobalIDString = 6D04B3331AB9D711001A7497;
			remoteInfo = TipCalculator;
		};
/* End PBXContainerItemProxy section */

/* Begin PBXFileReference section */
		6D04B3341AB9D711001A7497 /* TipCalculator.app */ = {isa = PBXFileReference; explicitFileType = wrapper.application; includeInIndex = 0; path = TipCalculator.app; sourceTree = BUILT_PRODUCTS_DIR; };
		6D04B3381AB9D711001A7497 /* Info.plist */ = {isa = PBXFileReference; lastKnownFileType = text.plist.xml; path = Info.plist; sourceTree = "<group>"; };
		6D04B3391AB9D711001A7497 /* AppDelegate.swift */ = {isa = PBXFileReference; lastKnownFileType = sourcecode.swift; path = AppDelegate.swift; sourceTree = "<group>"; };
		6D04B33B1AB9D711001A7497 /* ViewController.swift */ = {isa = PBXFileReference; lastKnownFileType = sourcecode.swift; path = ViewController.swift; sourceTree = "<group>"; };
		6D04B33E1AB9D711001A7497 /* Base */ = {isa = PBXFileReference; lastKnownFileType = file.storyboard; name = Base; path = Base.lproj/Main.storyboard; sourceTree = "<group>"; };
		6D04B3401AB9D711001A7497 /* Images.xcassets */ = {isa = PBXFileReference; lastKnownFileType = folder.assetcatalog; path = Images.xcassets; sourceTree = "<group>"; };
		6D04B3431AB9D711001A7497 /* Base */ = {isa = PBXFileReference; lastKnownFileType = file.xib; name = Base; path = Base.lproj/LaunchScreen.xib; sourceTree = "<group>"; };
		6D04B3491AB9D712001A7497 /* TipCalculatorTests.xctest */ = {isa = PBXFileReference; explicitFileType = wrapper.cfbundle; includeInIndex = 0; path = TipCalculatorTests.xctest; sourceTree = BUILT_PRODUCTS_DIR; };
		6D04B34E1AB9D712001A7497 /* Info.plist */ = {isa = PBXFileReference; lastKnownFileType = text.plist.xml; path = Info.plist; sourceTree = "<group>"; };
		6D04B34F1AB9D712001A7497 /* TipCalculatorTests.swift */ = {isa = PBXFileReference; lastKnownFileType = sourcecode.swift; path = TipCalculatorTests.swift; sourceTree = "<group>"; };
		6D04B3591AB9D994001A7497 /* TipCalculator.swift */ = {isa = PBXFileReference; fileEncoding = 4; lastKnownFileType = sourcecode.swift; path = TipCalculator.swift; sourceTree = "<group>"; };
/* End PBXFileReference section */

/* Begin PBXFrameworksBuildPhase section */
		6D04B3311AB9D711001A7497 /* Frameworks */ = {
			isa = PBXFrameworksBuildPhase;
			buildActionMask = 2147483647;
			files = (
			);
			runOnlyForDeploymentPostprocessing = 0;
		};
		6D04B3461AB9D711001A7497 /* Frameworks */ = {
			isa = PBXFrameworksBuildPhase;
			buildActionMask = 2147483647;
			files = (
			);
			runOnlyForDeploymentPostprocessing = 0;
		};
/* End PBXFrameworksBuildPhase section */

/* Begin PBXGroup section */
		6D04B32B1AB9D711001A7497 = {
			isa = PBXGroup;
			children = (
				6D04B3361AB9D711001A7497 /* TipCalculator */,
				6D04B34C1AB9D712001A7497 /* TipCalculatorTests */,
				6D04B3351AB9D711001A7497 /* Products */,
			);
			sourceTree = "<group>";
		};
		6D04B3351AB9D711001A7497 /* Products */ = {
			isa = PBXGroup;
			children = (
				6D04B3341AB9D711001A7497 /* TipCalculator.app */,
				6D04B3491AB9D712001A7497 /* TipCalculatorTests.xctest */,
			);
			name = Products;
			sourceTree = "<group>";
		};
		6D04B3361AB9D711001A7497 /* TipCalculator */ = {
			isa = PBXGroup;
			children = (
				6D04B3391AB9D711001A7497 /* AppDelegate.swift */,
				6D04B33B1AB9D711001A7497 /* ViewController.swift */,
				6D04B33D1AB9D711001A7497 /* Main.storyboard */,
				6D04B3401AB9D711001A7497 /* Images.xcassets */,
				6D04B3421AB9D711001A7497 /* LaunchScreen.xib */,
				6D04B3371AB9D711001A7497 /* Supporting Files */,
				6D04B3591AB9D994001A7497 /* TipCalculator.swift */,
			);
			path = TipCalculator;
			sourceTree = "<group>";
		};
		6D04B3371AB9D711001A7497 /* Supporting Files */ = {
			isa = PBXGroup;
			children = (
				6D04B3381AB9D711001A7497 /* Info.plist */,
			);
			name = "Supporting Files";
			sourceTree = "<group>";
		};
		6D04B34C1AB9D712001A7497 /* TipCalculatorTests */ = {
			isa = PBXGroup;
			children = (
				6D04B34F1AB9D712001A7497 /* TipCalculatorTests.swift */,
				6D04B34D1AB9D712001A7497 /* Supporting Files */,
			);
			path = TipCalculatorTests;
			sourceTree = "<group>";
		};
		6D04B34D1AB9D712001A7497 /* Supporting Files */ = {
			isa = PBXGroup;
			children = (
				6D04B34E1AB9D712001A7497 /* Info.plist */,
			);
			name = "Supporting Files";
			sourceTree = "<group>";
		};
/* End PBXGroup section */

/* Begin PBXNativeTarget section */
		6D04B3331AB9D711001A7497 /* TipCalculator */ = {
			isa = PBXNativeTarget;
			buildConfigurationList = 6D04B3531AB9D712001A7497 /* Build configuration list for PBXNativeTarget "TipCalculator" */;
			buildPhases = (
				6D04B3301AB9D711001A7497 /* Sources */,
				6D04B3311AB9D711001A7497 /* Frameworks */,
				6D04B3321AB9D711001A7497 /* Resources */,
			);
			buildRules = (
			);
			dependencies = (
			);
			name = TipCalculator;
			productName = TipCalculator;
			productReference = 6D04B3341AB9D711001A7497 /* TipCalculator.app */;
			productType = "com.apple.product-type.application";
		};
		6D04B3481AB9D711001A7497 /* TipCalculatorTests */ = {
			isa = PBXNativeTarget;
			buildConfigurationList = 6D04B3561AB9D712001A7497 /* Build configuration list for PBXNativeTarget "TipCalculatorTests" */;
			buildPhases = (
				6D04B3451AB9D711001A7497 /* Sources */,
				6D04B3461AB9D711001A7497 /* Frameworks */,
				6D04B3471AB9D711001A7497 /* Resources */,
			);
			buildRules = (
			);
			dependencies = (
				6D04B34B1AB9D712001A7497 /* PBXTargetDependency */,
			);
			name = TipCalculatorTests;
			productName = TipCalculatorTests;
			productReference = 6D04B3491AB9D712001A7497 /* TipCalculatorTests.xctest */;
			productType = "com.apple.product-type.bundle.unit-test";
		};
/* End PBXNativeTarget section */

/* Begin PBXProject section */
		6D04B32C1AB9D711001A7497 /* Project object */ = {
			isa = PBXProject;
			attributes = {
				LastUpgradeCheck = 0620;
				ORGANIZATIONNAME = "Ian Mitchell";
				TargetAttributes = {
					6D04B3331AB9D711001A7497 = {
						CreatedOnToolsVersion = 6.2;
					};
					6D04B3481AB9D711001A7497 = {
						CreatedOnToolsVersion = 6.2;
						TestTargetID = 6D04B3331AB9D711001A7497;
					};
				};
			};
			buildConfigurationList = 6D04B32F1AB9D711001A7497 /* Build configuration list for PBXProject "TipCalculator" */;
			compatibilityVersion = "Xcode 3.2";
			developmentRegion = English;
			hasScannedForEncodings = 0;
			knownRegions = (
				en,
				Base,
			);
			mainGroup = 6D04B32B1AB9D711001A7497;
			productRefGroup = 6D04B3351AB9D711001A7497 /* Products */;
			projectDirPath = "";
			projectRoot = "";
			targets = (
				6D04B3331AB9D711001A7497 /* TipCalculator */,
				6D04B3481AB9D711001A7497 /* TipCalculatorTests */,
			);
		};
/* End PBXProject section */

/* Begin PBXResourcesBuildPhase section */
		6D04B3321AB9D711001A7497 /* Resources */ = {
			isa = PBXResourcesBuildPhase;
			buildActionMask = 2147483647;
			files = (
				6D04B33F1AB9D711001A7497 /* Main.storyboard in Resources */,
				6D04B3441AB9D711001A7497 /* LaunchScreen.xib in Resources */,
				6D04B3411AB9D711001A7497 /* Images.xcassets in Resources */,
			);
			runOnlyForDeploymentPostprocessing = 0;
		};
		6D04B3471AB9D711001A7497 /* Resources */ = {
			isa = PBXResourcesBuildPhase;
			buildActionMask = 2147483647;
			files = (
			);
			runOnlyForDeploymentPostprocessing = 0;
		};
/* End PBXResourcesBuildPhase section */

/* Begin PBXSourcesBuildPhase section */
		6D04B3301AB9D711001A7497 /* Sources */ = {
			isa = PBXSourcesBuildPhase;
			buildActionMask = 2147483647;
			files = (
				6D04B35A1AB9D994001A7497 /* TipCalculator.swift in Sources */,
				6D04B33C1AB9D711001A7497 /* ViewController.swift in Sources */,
				6D04B33A1AB9D711001A7497 /* AppDelegate.swift in Sources */,
			);
			runOnlyForDeploymentPostprocessing = 0;
		};
		6D04B3451AB9D711001A7497 /* Sources */ = {
			isa = PBXSourcesBuildPhase;
			buildActionMask = 2147483647;
			files = (
				6D04B3501AB9D712001A7497 /* TipCalculatorTests.swift in Sources */,
			);
			runOnlyForDeploymentPostprocessing = 0;
		};
/* End PBXSourcesBuildPhase section */

/* Begin PBXTargetDependency section */
		6D04B34B1AB9D712001A7497 /* PBXTargetDependency */ = {
			isa = PBXTargetDependency;
			target = 6D04B3331AB9D711001A7497 /* TipCalculator */;
			targetProxy = 6D04B34A1AB9D712001A7497 /* PBXContainerItemProxy */;
		};
/* End PBXTargetDependency section */

/* Begin PBXVariantGroup section */
		6D04B33D1AB9D711001A7497 /* Main.storyboard */ = {
			isa = PBXVariantGroup;
			children = (
				6D04B33E1AB9D711001A7497 /* Base */,
			);
			name = Main.storyboard;
			sourceTree = "<group>";
		};
		6D04B3421AB9D711001A7497 /* LaunchScreen.xib */ = {
			isa = PBXVariantGroup;
			children = (
				6D04B3431AB9D711001A7497 /* Base */,
			);
			name = LaunchScreen.xib;
			sourceTree = "<group>";
		};
/* End PBXVariantGroup section */

/* Begin XCBuildConfiguration section */
		6D04B3511AB9D712001A7497 /* Debug */ = {
			isa = XCBuildConfiguration;
			buildSettings = {
				ALWAYS_SEARCH_USER_PATHS = NO;
				CLANG_CXX_LANGUAGE_STANDARD = "gnu++0x";
				CLANG_CXX_LIBRARY = "libc++";
				CLANG_ENABLE_MODULES = YES;
				CLANG_ENABLE_OBJC_ARC = YES;
				CLANG_WARN_BOOL_CONVERSION = YES;
				CLANG_WARN_CONSTANT_CONVERSION = YES;
				CLANG_WARN_DIRECT_OBJC_ISA_USAGE = YES_ERROR;
				CLANG_WARN_EMPTY_BODY = YES;
				CLANG_WARN_ENUM_CONVERSION = YES;
				CLANG_WARN_INT_CONVERSION = YES;
				CLANG_WARN_OBJC_ROOT_CLASS = YES_ERROR;
				CLANG_WARN_UNREACHABLE_CODE = YES;
				CLANG_WARN__DUPLICATE_METHOD_MATCH = YES;
				"CODE_SIGN_IDENTITY[sdk=iphoneos*]" = "iPhone Developer";
				COPY_PHASE_STRIP = NO;
				ENABLE_STRICT_OBJC_MSGSEND = YES;
				GCC_C_LANGUAGE_STANDARD = gnu99;
				GCC_DYNAMIC_NO_PIC = NO;
				GCC_OPTIMIZATION_LEVEL = 0;
				GCC_PREPROCESSOR_DEFINITIONS = (
					"DEBUG=1",
					"$(inherited)",
				);
				GCC_SYMBOLS_PRIVATE_EXTERN = NO;
				GCC_WARN_64_TO_32_BIT_CONVERSION = YES;
				GCC_WARN_ABOUT_RETURN_TYPE = YES_ERROR;
				GCC_WARN_UNDECLARED_SELECTOR = YES;
				GCC_WARN_UNINITIALIZED_AUTOS = YES_AGGRESSIVE;
				GCC_WARN_UNUSED_FUNCTION = YES;
				GCC_WARN_UNUSED_VARIABLE = YES;
				IPHONEOS_DEPLOYMENT_TARGET = 8.2;
				MTL_ENABLE_DEBUG_INFO = YES;
				ONLY_ACTIVE_ARCH = YES;
				SDKROOT = iphoneos;
				SWIFT_OPTIMIZATION_LEVEL = "-Onone";
			};
			name = Debug;
		};
		6D04B3521AB9D712001A7497 /* Release */ = {
			isa = XCBuildConfiguration;
			buildSettings = {
				ALWAYS_SEARCH_USER_PATHS = NO;
				CLANG_CXX_LANGUAGE_STANDARD = "gnu++0x";
				CLANG_CXX_LIBRARY = "libc++";
				CLANG_ENABLE_MODULES = YES;
				CLANG_ENABLE_OBJC_ARC = YES;
				CLANG_WARN_BOOL_CONVERSION = YES;
				CLANG_WARN_CONSTANT_CONVERSION = YES;
				CLANG_WARN_DIRECT_OBJC_ISA_USAGE = YES_ERROR;
				CLANG_WARN_EMPTY_BODY = YES;
				CLANG_WARN_ENUM_CONVERSION = YES;
				CLANG_WARN_INT_CONVERSION = YES;
				CLANG_WARN_OBJC_ROOT_CLASS = YES_ERROR;
				CLANG_WARN_UNREACHABLE_CODE = YES;
				CLANG_WARN__DUPLICATE_METHOD_MATCH = YES;
				"CODE_SIGN_IDENTITY[sdk=iphoneos*]" = "iPhone Developer";
				COPY_PHASE_STRIP = NO;
				ENABLE_NS_ASSERTIONS = NO;
				ENABLE_STRICT_OBJC_MSGSEND = YES;
				GCC_C_LANGUAGE_STANDARD = gnu99;
				GCC_WARN_64_TO_32_BIT_CONVERSION = YES;
				GCC_WARN_ABOUT_RETURN_TYPE = YES_ERROR;
				GCC_WARN_UNDECLARED_SELECTOR = YES;
				GCC_WARN_UNINITIALIZED_AUTOS = YES_AGGRESSIVE;
				GCC_WARN_UNUSED_FUNCTION = YES;
				GCC_WARN_UNUSED_VARIABLE = YES;
				IPHONEOS_DEPLOYMENT_TARGET = 8.2;
				MTL_ENABLE_DEBUG_INFO = NO;
				SDKROOT = iphoneos;
				VALIDATE_PRODUCT = YES;
			};
			name = Release;
		};
		6D04B3541AB9D712001A7497 /* Debug */ = {
			isa = XCBuildConfiguration;
			buildSettings = {
				ASSETCATALOG_COMPILER_APPICON_NAME = AppIcon;
				INFOPLIST_FILE = TipCalculator/Info.plist;
				LD_RUNPATH_SEARCH_PATHS = "$(inherited) @executable_path/Frameworks";
				PRODUCT_NAME = "$(TARGET_NAME)";
			};
			name = Debug;
		};
		6D04B3551AB9D712001A7497 /* Release */ = {
			isa = XCBuildConfiguration;
			buildSettings = {
				ASSETCATALOG_COMPILER_APPICON_NAME = AppIcon;
				INFOPLIST_FILE = TipCalculator/Info.plist;
				LD_RUNPATH_SEARCH_PATHS = "$(inherited) @executable_path/Frameworks";
				PRODUCT_NAME = "$(TARGET_NAME)";
			};
			name = Release;
		};
		6D04B3571AB9D712001A7497 /* Debug */ = {
			isa = XCBuildConfiguration;
			buildSettings = {
				BUNDLE_LOADER = "$(TEST_HOST)";
				FRAMEWORK_SEARCH_PATHS = (
					"$(SDKROOT)/Developer/Library/Frameworks",
					"$(inherited)",
				);
				GCC_PREPROCESSOR_DEFINITIONS = (
					"DEBUG=1",
					"$(inherited)",
				);
				INFOPLIST_FILE = TipCalculatorTests/Info.plist;
				LD_RUNPATH_SEARCH_PATHS = "$(inherited) @executable_path/Frameworks @loader_path/Frameworks";
				PRODUCT_NAME = "$(TARGET_NAME)";
				TEST_HOST = "$(BUILT_PRODUCTS_DIR)/TipCalculator.app/TipCalculator";
			};
			name = Debug;
		};
		6D04B3581AB9D712001A7497 /* Release */ = {
			isa = XCBuildConfiguration;
			buildSettings = {
				BUNDLE_LOADER = "$(TEST_HOST)";
				FRAMEWORK_SEARCH_PATHS = (
					"$(SDKROOT)/Developer/Library/Frameworks",
					"$(inherited)",
				);
				INFOPLIST_FILE = TipCalculatorTests/Info.plist;
				LD_RUNPATH_SEARCH_PATHS = "$(inherited) @executable_path/Frameworks @loader_path/Frameworks";
				PRODUCT_NAME = "$(TARGET_NAME)";
				TEST_HOST = "$(BUILT_PRODUCTS_DIR)/TipCalculator.app/TipCalculator";
			};
			name = Release;
		};
/* End XCBuildConfiguration section */

/* Begin XCConfigurationList section */
		6D04B32F1AB9D711001A7497 /* Build configuration list for PBXProject "TipCalculator" */ = {
			isa = XCConfigurationList;
			buildConfigurations = (
				6D04B3511AB9D712001A7497 /* Debug */,
				6D04B3521AB9D712001A7497 /* Release */,
			);
			defaultConfigurationIsVisible = 0;
			defaultConfigurationName = Release;
		};
		6D04B3531AB9D712001A7497 /* Build configuration list for PBXNativeTarget "TipCalculator" */ = {
			isa = XCConfigurationList;
			buildConfigurations = (
				6D04B3541AB9D712001A7497 /* Debug */,
				6D04B3551AB9D712001A7497 /* Release */,
			);
			defaultConfigurationIsVisible = 0;
			defaultConfigurationName = Release;
		};
		6D04B3561AB9D712001A7497 /* Build configuration list for PBXNativeTarget "TipCalculatorTests" */ = {
			isa = XCConfigurationList;
			buildConfigurations = (
				6D04B3571AB9D712001A7497 /* Debug */,
				6D04B3581AB9D712001A7497 /* Release */,
			);
			defaultConfigurationIsVisible = 0;
			defaultConfigurationName = Release;
		};
/* End XCConfigurationList section */
	};
	rootObject = 6D04B32C1AB9D711001A7497 /* Project object */;
}
